# THIS IS AN AUTOGENERATED FILE. DO NOT EDIT THIS FILE DIRECTLY.
# yarn lockfile v1


oro-cursor@^1.0.0:
  version "1.0.0"
  resolved "https://registry.yarnpkg.com/oro-cursor/-/oro-cursor-1.0.0.tgz#ff40718c4982376b7871fb883fc37c38e8f81266"

oro-head@^1.0.0:
  version "1.0.0"
  resolved "https://registry.yarnpkg.com/oro-head/-/oro-head-1.0.0.tgz#7f378ae3d6368112212ffff84b178a1c7e0cd500"

oro-tail@^1.0.0:
  version "1.0.0"
  resolved "https://registry.yarnpkg.com/oro-tail/-/oro-tail-1.0.0.tgz#36b187794e8e52588b99a345c8e0cd7b65b6b419"
